{
    "_readme": [
        "This file locks the dependencies of your project to a known state",
        "Read more about it at https://getcomposer.org/doc/01-basic-usage.md#composer-lock-the-lock-file",
        "This file is @generated automatically"
    ],
    "content-hash": "b9619c2b648923bc6242cda4f0a16fc0",
    "packages": [
        {
            "name": "codeitnowin/barcode",
            "version": "3.0.3",
            "source": {
                "type": "git",
                "url": "https://github.com/codeitnowin/barcode-generator.git",
                "reference": "6325a15ae904ec401b947e1a3e868de1c2cc80b0"
            },
            "dist": {
                "type": "zip",
                "url": "https://github-api-proxy.cnpkg.org/repos/codeitnowin/barcode-generator/zipball/6325a15ae904ec401b947e1a3e868de1c2cc80b0",
                "reference": "6325a15ae904ec401b947e1a3e868de1c2cc80b0",
                "shasum": ""
            },
            "require": {
                "ext-gd": "*",
                "php": ">=5.3.2"
            },
            "type": "library",
            "autoload": {
                "psr-4": {
                    "CodeItNow\\": "CodeItNow/"
                }
            },
            "notification-url": "https://repo.packagist.org/downloads/",
            "license": [
                "MIT"
            ],
            "authors": [
                {
                    "name": "Akhtar Khan",
                    "email": "er.akhtarkhan@gmail.com"
                }
            ],
            "description": "Barcode & Qr Code generator library by http://www.codeitnow.in. You can use it with Custom PHP application or any PHP Framework such as Laravel, Cakephp, Yii, Codeigneter etc.",
            "homepage": "http://www.codeitnow.in",
            "keywords": [
                "Symfony2",
                "barcode",
                "cakephp",
                "code",
                "generator",
                "laravel",
                "qr",
                "qrcode",
                "symfony"
            ],
            "time": "2018-10-25T18:32:10+00:00"
        }
    ],
    "packages-dev": [],
    "aliases": [],
    "minimum-stability": "stable",
    "stability-flags": [],
    "prefer-stable": false,
    "prefer-lowest": false,
    "platform": [],
    "platform-dev": []
}
